
Microsoft Visual Studio Solution File, Format Version 12.00
# Visual Studio Version 17
VisualStudioVersion = 17.3.32819.101
MinimumVisualStudioVersion = 10.0.40219.1
Project("{FAE04EC0-301F-11D3-BF4B-00C04F79EFBC}") = "Exercise 12", "Exercise 12.csproj", "{202AA6B1-16AB-49A8-A5EE-F1807C7FDBA3}"
EndProject
Global
	GlobalSection(SolutionConfigurationPlatforms) = preSolution
		Debug|Any CPU = Debug|Any CPU
		Release|Any CPU = Release|Any CPU
	EndGlobalSection
	GlobalSection(ProjectConfigurationPlatforms) = postSolution
		{202AA6B1-16AB-49A8-A5EE-F1807C7FDBA3}.Debug|Any CPU.ActiveCfg = Debug|Any CPU
		{202AA6B1-16AB-49A8-A5EE-F1807C7FDBA3}.Debug|Any CPU.Build.0 = Debug|Any CPU
		{202AA6B1-16AB-49A8-A5EE-F1807C7FDBA3}.Release|Any CPU.ActiveCfg = Release|Any CPU
		{202AA6B1-16AB-49A8-A5EE-F1807C7FDBA3}.Release|Any CPU.Build.0 = Release|Any CPU
	EndGlobalSection
	GlobalSection(SolutionProperties) = preSolution
		HideSolutionNode = FALSE
	EndGlobalSection
	GlobalSection(ExtensibilityGlobals) = postSolution
		SolutionGuid = {A2BC77D3-23C5-48D1-888C-CA6553C7BFAF}
	EndGlobalSection
EndGlobal
